
Microsoft Visual Studio Solution File, Format Version 12.00
# Visual Studio Version 17
VisualStudioVersion = 17.14.36203.30
MinimumVisualStudioVersion = 10.0.40219.1
Project("{FAE04EC0-301F-11D3-BF4B-00C04F79EFBC}") = "AuthTokenManager", "AuthTokenManager\AuthTokenManager.csproj", "{720CB671-D98C-4ECD-A5DB-7760DDBAF215}"
EndProject
Project("{54435603-DBB4-11D2-8724-00A0C9A8B90C}") = "InstallAuthTokenManager", "InstallAuthTokenManager\InstallAuthTokenManager.vdproj", "{AD25846B-901D-F18F-D682-1853238C5B9C}"
EndProject
Global
	GlobalSection(SolutionConfigurationPlatforms) = preSolution
		Debug|Any CPU = Debug|Any CPU
		Release|Any CPU = Release|Any CPU
	EndGlobalSection
	GlobalSection(ProjectConfigurationPlatforms) = postSolution
		{720CB671-D98C-4ECD-A5DB-7760DDBAF215}.Debug|Any CPU.ActiveCfg = Debug|Any CPU
		{720CB671-D98C-4ECD-A5DB-7760DDBAF215}.Debug|Any CPU.Build.0 = Debug|Any CPU
		{720CB671-D98C-4ECD-A5DB-7760DDBAF215}.Release|Any CPU.ActiveCfg = Release|Any CPU
		{720CB671-D98C-4ECD-A5DB-7760DDBAF215}.Release|Any CPU.Build.0 = Release|Any CPU
		{AD25846B-901D-F18F-D682-1853238C5B9C}.Debug|Any CPU.ActiveCfg = Debug
		{AD25846B-901D-F18F-D682-1853238C5B9C}.Release|Any CPU.ActiveCfg = Release
	EndGlobalSection
	GlobalSection(SolutionProperties) = preSolution
		HideSolutionNode = FALSE
	EndGlobalSection
	GlobalSection(ExtensibilityGlobals) = postSolution
		SolutionGuid = {36373E60-C490-4A4A-BAAF-E6080A1A7139}
	EndGlobalSection
EndGlobal
